
Microsoft Visual Studio Solution File, Format Version 12.00
# Visual Studio Version 17
VisualStudioVersion = 17.11.35327.3
MinimumVisualStudioVersion = 10.0.40219.1
Project("{FAE04EC0-301F-11D3-BF4B-00C04F79EFBC}") = "ObserverPattern", "ObserverPattern\ObserverPattern.csproj", "{5287D7A3-3860-4ABF-9742-7DAC5C2DC764}"
EndProject
Global
	GlobalSection(SolutionConfigurationPlatforms) = preSolution
		Debug|Any CPU = Debug|Any CPU
		Release|Any CPU = Release|Any CPU
	EndGlobalSection
	GlobalSection(ProjectConfigurationPlatforms) = postSolution
		{5287D7A3-3860-4ABF-9742-7DAC5C2DC764}.Debug|Any CPU.ActiveCfg = Debug|Any CPU
		{5287D7A3-3860-4ABF-9742-7DAC5C2DC764}.Debug|Any CPU.Build.0 = Debug|Any CPU
		{5287D7A3-3860-4ABF-9742-7DAC5C2DC764}.Release|Any CPU.ActiveCfg = Release|Any CPU
		{5287D7A3-3860-4ABF-9742-7DAC5C2DC764}.Release|Any CPU.Build.0 = Release|Any CPU
	EndGlobalSection
	GlobalSection(SolutionProperties) = preSolution
		HideSolutionNode = FALSE
	EndGlobalSection
	GlobalSection(ExtensibilityGlobals) = postSolution
		SolutionGuid = {3363141E-2E08-4A34-BF17-B156AEBBAF22}
	EndGlobalSection
EndGlobal
