
Microsoft Visual Studio Solution File, Format Version 12.00
# Visual Studio Version 16
VisualStudioVersion = 16.0.31624.102
MinimumVisualStudioVersion = 10.0.40219.1
Project("{9A19103F-16F7-4668-BE54-9A1E7A4F7556}") = "Ordering.API", "Ordering.API\Ordering.API.csproj", "{9E1301D1-725B-4ADD-9D07-09E4B0536BA8}"
EndProject
Project("{9A19103F-16F7-4668-BE54-9A1E7A4F7556}") = "Catalog.API", "Catalog.API\Catalog.API.csproj", "{B94D957C-88C8-43DF-9012-8BFFFF422E9D}"
EndProject
Project("{9A19103F-16F7-4668-BE54-9A1E7A4F7556}") = "Shared", "Shared\Shared.csproj", "{4697DD44-AC2E-4EF2-A90D-06A1CAC5719F}"
EndProject
Global
	GlobalSection(SolutionConfigurationPlatforms) = preSolution
		Debug|Any CPU = Debug|Any CPU
		Release|Any CPU = Release|Any CPU
	EndGlobalSection
	GlobalSection(ProjectConfigurationPlatforms) = postSolution
		{9E1301D1-725B-4ADD-9D07-09E4B0536BA8}.Debug|Any CPU.ActiveCfg = Debug|Any CPU
		{9E1301D1-725B-4ADD-9D07-09E4B0536BA8}.Debug|Any CPU.Build.0 = Debug|Any CPU
		{9E1301D1-725B-4ADD-9D07-09E4B0536BA8}.Release|Any CPU.ActiveCfg = Release|Any CPU
		{9E1301D1-725B-4ADD-9D07-09E4B0536BA8}.Release|Any CPU.Build.0 = Release|Any CPU
		{B94D957C-88C8-43DF-9012-8BFFFF422E9D}.Debug|Any CPU.ActiveCfg = Debug|Any CPU
		{B94D957C-88C8-43DF-9012-8BFFFF422E9D}.Debug|Any CPU.Build.0 = Debug|Any CPU
		{B94D957C-88C8-43DF-9012-8BFFFF422E9D}.Release|Any CPU.ActiveCfg = Release|Any CPU
		{B94D957C-88C8-43DF-9012-8BFFFF422E9D}.Release|Any CPU.Build.0 = Release|Any CPU
		{4697DD44-AC2E-4EF2-A90D-06A1CAC5719F}.Debug|Any CPU.ActiveCfg = Debug|Any CPU
		{4697DD44-AC2E-4EF2-A90D-06A1CAC5719F}.Debug|Any CPU.Build.0 = Debug|Any CPU
		{4697DD44-AC2E-4EF2-A90D-06A1CAC5719F}.Release|Any CPU.ActiveCfg = Release|Any CPU
		{4697DD44-AC2E-4EF2-A90D-06A1CAC5719F}.Release|Any CPU.Build.0 = Release|Any CPU
	EndGlobalSection
	GlobalSection(SolutionProperties) = preSolution
		HideSolutionNode = FALSE
	EndGlobalSection
	GlobalSection(ExtensibilityGlobals) = postSolution
		SolutionGuid = {3C0D13E9-9049-4A24-BEA5-CE02565464DB}
	EndGlobalSection
EndGlobal
