
Microsoft Visual Studio Solution File, Format Version 12.00
# Visual Studio Version 17
VisualStudioVersion = 17.0.31919.166
MinimumVisualStudioVersion = 10.0.40219.1
Project("{FAE04EC0-301F-11D3-BF4B-00C04F79EFBC}") = "ECommerce", "ECommerce\ECommerce.csproj", "{C75AB85B-88B6-4087-A9A4-A2443FEC2F4E}"
EndProject
Global
	GlobalSection(SolutionConfigurationPlatforms) = preSolution
		Debug|Any CPU = Debug|Any CPU
		Release|Any CPU = Release|Any CPU
	EndGlobalSection
	GlobalSection(ProjectConfigurationPlatforms) = postSolution
		{C75AB85B-88B6-4087-A9A4-A2443FEC2F4E}.Debug|Any CPU.ActiveCfg = Debug|Any CPU
		{C75AB85B-88B6-4087-A9A4-A2443FEC2F4E}.Debug|Any CPU.Build.0 = Debug|Any CPU
		{C75AB85B-88B6-4087-A9A4-A2443FEC2F4E}.Release|Any CPU.ActiveCfg = Release|Any CPU
		{C75AB85B-88B6-4087-A9A4-A2443FEC2F4E}.Release|Any CPU.Build.0 = Release|Any CPU
	EndGlobalSection
	GlobalSection(SolutionProperties) = preSolution
		HideSolutionNode = FALSE
	EndGlobalSection
	GlobalSection(ExtensibilityGlobals) = postSolution
		SolutionGuid = {F5368028-4A69-4E33-A073-7E1356A89B89}
	EndGlobalSection
EndGlobal
