
Microsoft Visual Studio Solution File, Format Version 12.00
# Visual Studio Version 17
VisualStudioVersion = 17.13.35825.156
MinimumVisualStudioVersion = 10.0.40219.1
Project("{FAE04EC0-301F-11D3-BF4B-00C04F79EFBC}") = "HRM.API", "HRM.API\HRM.API.csproj", "{DE260270-ED3B-4A1F-A30A-9AAA7A3436E0}"
EndProject
Project("{FAE04EC0-301F-11D3-BF4B-00C04F79EFBC}") = "HRM.Tests", "HRM.Tests\HRM.Tests.csproj", "{1EA572C1-D9C2-4D9F-9F3A-9E03F355139F}"
EndProject
Global
	GlobalSection(SolutionConfigurationPlatforms) = preSolution
		Debug|Any CPU = Debug|Any CPU
		Debug|x64 = Debug|x64
		Debug|x86 = Debug|x86
		Release|Any CPU = Release|Any CPU
		Release|x64 = Release|x64
		Release|x86 = Release|x86
	EndGlobalSection
	GlobalSection(ProjectConfigurationPlatforms) = postSolution
		{DE260270-ED3B-4A1F-A30A-9AAA7A3436E0}.Debug|Any CPU.ActiveCfg = Debug|Any CPU
		{DE260270-ED3B-4A1F-A30A-9AAA7A3436E0}.Debug|Any CPU.Build.0 = Debug|Any CPU
		{DE260270-ED3B-4A1F-A30A-9AAA7A3436E0}.Debug|x64.ActiveCfg = Debug|Any CPU
		{DE260270-ED3B-4A1F-A30A-9AAA7A3436E0}.Debug|x64.Build.0 = Debug|Any CPU
		{DE260270-ED3B-4A1F-A30A-9AAA7A3436E0}.Debug|x86.ActiveCfg = Debug|Any CPU
		{DE260270-ED3B-4A1F-A30A-9AAA7A3436E0}.Debug|x86.Build.0 = Debug|Any CPU
		{DE260270-ED3B-4A1F-A30A-9AAA7A3436E0}.Release|Any CPU.ActiveCfg = Release|Any CPU
		{DE260270-ED3B-4A1F-A30A-9AAA7A3436E0}.Release|Any CPU.Build.0 = Release|Any CPU
		{DE260270-ED3B-4A1F-A30A-9AAA7A3436E0}.Release|x64.ActiveCfg = Release|Any CPU
		{DE260270-ED3B-4A1F-A30A-9AAA7A3436E0}.Release|x64.Build.0 = Release|Any CPU
		{DE260270-ED3B-4A1F-A30A-9AAA7A3436E0}.Release|x86.ActiveCfg = Release|Any CPU
		{DE260270-ED3B-4A1F-A30A-9AAA7A3436E0}.Release|x86.Build.0 = Release|Any CPU
		{1EA572C1-D9C2-4D9F-9F3A-9E03F355139F}.Debug|Any CPU.ActiveCfg = Debug|Any CPU
		{1EA572C1-D9C2-4D9F-9F3A-9E03F355139F}.Debug|Any CPU.Build.0 = Debug|Any CPU
		{1EA572C1-D9C2-4D9F-9F3A-9E03F355139F}.Debug|x64.ActiveCfg = Debug|Any CPU
		{1EA572C1-D9C2-4D9F-9F3A-9E03F355139F}.Debug|x64.Build.0 = Debug|Any CPU
		{1EA572C1-D9C2-4D9F-9F3A-9E03F355139F}.Debug|x86.ActiveCfg = Debug|Any CPU
		{1EA572C1-D9C2-4D9F-9F3A-9E03F355139F}.Debug|x86.Build.0 = Debug|Any CPU
		{1EA572C1-D9C2-4D9F-9F3A-9E03F355139F}.Release|Any CPU.ActiveCfg = Release|Any CPU
		{1EA572C1-D9C2-4D9F-9F3A-9E03F355139F}.Release|Any CPU.Build.0 = Release|Any CPU
		{1EA572C1-D9C2-4D9F-9F3A-9E03F355139F}.Release|x64.ActiveCfg = Release|Any CPU
		{1EA572C1-D9C2-4D9F-9F3A-9E03F355139F}.Release|x64.Build.0 = Release|Any CPU
		{1EA572C1-D9C2-4D9F-9F3A-9E03F355139F}.Release|x86.ActiveCfg = Release|Any CPU
		{1EA572C1-D9C2-4D9F-9F3A-9E03F355139F}.Release|x86.Build.0 = Release|Any CPU
	EndGlobalSection
	GlobalSection(SolutionProperties) = preSolution
		HideSolutionNode = FALSE
	EndGlobalSection
	GlobalSection(ExtensibilityGlobals) = postSolution
		SolutionGuid = {B20797F5-4D8F-4ACF-B07E-556471D6F91D}
	EndGlobalSection
EndGlobal
