
Microsoft Visual Studio Solution File, Format Version 12.00
# Visual Studio Version 17
VisualStudioVersion = 17.6.33815.320
MinimumVisualStudioVersion = 10.0.40219.1
Project("{FAE04EC0-301F-11D3-BF4B-00C04F79EFBC}") = "ConcurrencyHandling.API", "ConcurrencyHandling.API\ConcurrencyHandling.API.csproj", "{C554AEF3-E72B-47F8-A597-3436A9C2C6D7}"
EndProject
Global
	GlobalSection(SolutionConfigurationPlatforms) = preSolution
		Debug|Any CPU = Debug|Any CPU
		Release|Any CPU = Release|Any CPU
	EndGlobalSection
	GlobalSection(ProjectConfigurationPlatforms) = postSolution
		{C554AEF3-E72B-47F8-A597-3436A9C2C6D7}.Debug|Any CPU.ActiveCfg = Debug|Any CPU
		{C554AEF3-E72B-47F8-A597-3436A9C2C6D7}.Debug|Any CPU.Build.0 = Debug|Any CPU
		{C554AEF3-E72B-47F8-A597-3436A9C2C6D7}.Release|Any CPU.ActiveCfg = Release|Any CPU
		{C554AEF3-E72B-47F8-A597-3436A9C2C6D7}.Release|Any CPU.Build.0 = Release|Any CPU
	EndGlobalSection
	GlobalSection(SolutionProperties) = preSolution
		HideSolutionNode = FALSE
	EndGlobalSection
	GlobalSection(ExtensibilityGlobals) = postSolution
		SolutionGuid = {68F379E0-C166-4003-BFE7-2D7B1A788240}
	EndGlobalSection
EndGlobal
