
Microsoft Visual Studio Solution File, Format Version 12.00
# Visual Studio Version 17
VisualStudioVersion = 17.11.35327.3
MinimumVisualStudioVersion = 10.0.40219.1
Project("{FAE04EC0-301F-11D3-BF4B-00C04F79EFBC}") = "FacadePattern", "FacadePattern\FacadePattern.csproj", "{10D18BE9-B86B-4C61-8A38-A1BBAE680BC2}"
EndProject
Global
	GlobalSection(SolutionConfigurationPlatforms) = preSolution
		Debug|Any CPU = Debug|Any CPU
		Release|Any CPU = Release|Any CPU
	EndGlobalSection
	GlobalSection(ProjectConfigurationPlatforms) = postSolution
		{10D18BE9-B86B-4C61-8A38-A1BBAE680BC2}.Debug|Any CPU.ActiveCfg = Debug|Any CPU
		{10D18BE9-B86B-4C61-8A38-A1BBAE680BC2}.Debug|Any CPU.Build.0 = Debug|Any CPU
		{10D18BE9-B86B-4C61-8A38-A1BBAE680BC2}.Release|Any CPU.ActiveCfg = Release|Any CPU
		{10D18BE9-B86B-4C61-8A38-A1BBAE680BC2}.Release|Any CPU.Build.0 = Release|Any CPU
	EndGlobalSection
	GlobalSection(SolutionProperties) = preSolution
		HideSolutionNode = FALSE
	EndGlobalSection
	GlobalSection(ExtensibilityGlobals) = postSolution
		SolutionGuid = {69E9A87E-DB3B-4315-A149-BD1CD5311EB2}
	EndGlobalSection
EndGlobal
