
Microsoft Visual Studio Solution File, Format Version 12.00
# Visual Studio Version 16
VisualStudioVersion = 16.0.31624.102
MinimumVisualStudioVersion = 10.0.40219.1
Project("{FAE04EC0-301F-11D3-BF4B-00C04F79EFBC}") = "Ordering.API", "Customer.API\Ordering.API.csproj", "{D7134822-4D5B-41C3-9C06-09E7594E8C76}"
EndProject
Global
	GlobalSection(SolutionConfigurationPlatforms) = preSolution
		Debug|Any CPU = Debug|Any CPU
		Release|Any CPU = Release|Any CPU
	EndGlobalSection
	GlobalSection(ProjectConfigurationPlatforms) = postSolution
		{D7134822-4D5B-41C3-9C06-09E7594E8C76}.Debug|Any CPU.ActiveCfg = Debug|Any CPU
		{D7134822-4D5B-41C3-9C06-09E7594E8C76}.Debug|Any CPU.Build.0 = Debug|Any CPU
		{D7134822-4D5B-41C3-9C06-09E7594E8C76}.Release|Any CPU.ActiveCfg = Release|Any CPU
		{D7134822-4D5B-41C3-9C06-09E7594E8C76}.Release|Any CPU.Build.0 = Release|Any CPU
	EndGlobalSection
	GlobalSection(SolutionProperties) = preSolution
		HideSolutionNode = FALSE
	EndGlobalSection
	GlobalSection(ExtensibilityGlobals) = postSolution
		SolutionGuid = {B45E8466-E72A-4A8D-B3B3-0C5F19D09E5A}
	EndGlobalSection
EndGlobal
