
Microsoft Visual Studio Solution File, Format Version 12.00
# Visual Studio Version 17
VisualStudioVersion = 17.2.32630.192
MinimumVisualStudioVersion = 10.0.40219.1
Project("{9A19103F-16F7-4668-BE54-9A1E7A4F7556}") = "Accounting.API", "Accounting.API\Accounting.API.csproj", "{980648A8-FC29-4B0B-B8E2-FC2C57EF3801}"
EndProject
Global
	GlobalSection(SolutionConfigurationPlatforms) = preSolution
		Debug|Any CPU = Debug|Any CPU
		Release|Any CPU = Release|Any CPU
	EndGlobalSection
	GlobalSection(ProjectConfigurationPlatforms) = postSolution
		{980648A8-FC29-4B0B-B8E2-FC2C57EF3801}.Debug|Any CPU.ActiveCfg = Debug|Any CPU
		{980648A8-FC29-4B0B-B8E2-FC2C57EF3801}.Debug|Any CPU.Build.0 = Debug|Any CPU
		{980648A8-FC29-4B0B-B8E2-FC2C57EF3801}.Release|Any CPU.ActiveCfg = Release|Any CPU
		{980648A8-FC29-4B0B-B8E2-FC2C57EF3801}.Release|Any CPU.Build.0 = Release|Any CPU
	EndGlobalSection
	GlobalSection(SolutionProperties) = preSolution
		HideSolutionNode = FALSE
	EndGlobalSection
	GlobalSection(ExtensibilityGlobals) = postSolution
		SolutionGuid = {30F7BC53-A35C-471A-9384-9CDFBE76278B}
	EndGlobalSection
EndGlobal
