
Microsoft Visual Studio Solution File, Format Version 12.00
# Visual Studio Version 17
VisualStudioVersion = 17.6.33815.320
MinimumVisualStudioVersion = 10.0.40219.1
Project("{FAE04EC0-301F-11D3-BF4B-00C04F79EFBC}") = "AuditLog.API", "AuditLog.API\AuditLog.API.csproj", "{9A0DEA96-6156-483C-A34A-6B8270EAE5C5}"
EndProject
Global
	GlobalSection(SolutionConfigurationPlatforms) = preSolution
		Debug|Any CPU = Debug|Any CPU
		Release|Any CPU = Release|Any CPU
	EndGlobalSection
	GlobalSection(ProjectConfigurationPlatforms) = postSolution
		{9A0DEA96-6156-483C-A34A-6B8270EAE5C5}.Debug|Any CPU.ActiveCfg = Debug|Any CPU
		{9A0DEA96-6156-483C-A34A-6B8270EAE5C5}.Debug|Any CPU.Build.0 = Debug|Any CPU
		{9A0DEA96-6156-483C-A34A-6B8270EAE5C5}.Release|Any CPU.ActiveCfg = Release|Any CPU
		{9A0DEA96-6156-483C-A34A-6B8270EAE5C5}.Release|Any CPU.Build.0 = Release|Any CPU
	EndGlobalSection
	GlobalSection(SolutionProperties) = preSolution
		HideSolutionNode = FALSE
	EndGlobalSection
	GlobalSection(ExtensibilityGlobals) = postSolution
		SolutionGuid = {1993017E-CBE3-474A-8AA9-A48DB0692A06}
	EndGlobalSection
EndGlobal
