
Microsoft Visual Studio Solution File, Format Version 12.00
# Visual Studio Version 17
VisualStudioVersion = 17.6.33723.286
MinimumVisualStudioVersion = 10.0.40219.1
Project("{FAE04EC0-301F-11D3-BF4B-00C04F79EFBC}") = "EFBulkBatch", "EFBulkBatch\EFBulkBatch.csproj", "{C86836DD-9C1C-4BF3-9E71-9005E86E4094}"
EndProject
Global
	GlobalSection(SolutionConfigurationPlatforms) = preSolution
		Debug|Any CPU = Debug|Any CPU
		Release|Any CPU = Release|Any CPU
	EndGlobalSection
	GlobalSection(ProjectConfigurationPlatforms) = postSolution
		{C86836DD-9C1C-4BF3-9E71-9005E86E4094}.Debug|Any CPU.ActiveCfg = Debug|Any CPU
		{C86836DD-9C1C-4BF3-9E71-9005E86E4094}.Debug|Any CPU.Build.0 = Debug|Any CPU
		{C86836DD-9C1C-4BF3-9E71-9005E86E4094}.Release|Any CPU.ActiveCfg = Release|Any CPU
		{C86836DD-9C1C-4BF3-9E71-9005E86E4094}.Release|Any CPU.Build.0 = Release|Any CPU
	EndGlobalSection
	GlobalSection(SolutionProperties) = preSolution
		HideSolutionNode = FALSE
	EndGlobalSection
	GlobalSection(ExtensibilityGlobals) = postSolution
		SolutionGuid = {1029044B-AC4A-455C-8BCF-FA54107065F6}
	EndGlobalSection
EndGlobal
