
Microsoft Visual Studio Solution File, Format Version 12.00
# Visual Studio Version 17
VisualStudioVersion = 17.0.31919.166
MinimumVisualStudioVersion = 10.0.40219.1
Project("{9A19103F-16F7-4668-BE54-9A1E7A4F7556}") = "BFF.Web", "BFF.Web\BFF.Web.csproj", "{7A247705-F6C7-4CE7-93DE-3618381AC5BD}"
EndProject
Project("{9A19103F-16F7-4668-BE54-9A1E7A4F7556}") = "Catalog.API", "Catalog.API\Catalog.API.csproj", "{5B311BCA-6165-44FA-ACCB-51627C100596}"
EndProject
Global
	GlobalSection(SolutionConfigurationPlatforms) = preSolution
		Debug|Any CPU = Debug|Any CPU
		Release|Any CPU = Release|Any CPU
	EndGlobalSection
	GlobalSection(ProjectConfigurationPlatforms) = postSolution
		{7A247705-F6C7-4CE7-93DE-3618381AC5BD}.Debug|Any CPU.ActiveCfg = Debug|Any CPU
		{7A247705-F6C7-4CE7-93DE-3618381AC5BD}.Debug|Any CPU.Build.0 = Debug|Any CPU
		{7A247705-F6C7-4CE7-93DE-3618381AC5BD}.Release|Any CPU.ActiveCfg = Release|Any CPU
		{7A247705-F6C7-4CE7-93DE-3618381AC5BD}.Release|Any CPU.Build.0 = Release|Any CPU
		{5B311BCA-6165-44FA-ACCB-51627C100596}.Debug|Any CPU.ActiveCfg = Debug|Any CPU
		{5B311BCA-6165-44FA-ACCB-51627C100596}.Debug|Any CPU.Build.0 = Debug|Any CPU
		{5B311BCA-6165-44FA-ACCB-51627C100596}.Release|Any CPU.ActiveCfg = Release|Any CPU
		{5B311BCA-6165-44FA-ACCB-51627C100596}.Release|Any CPU.Build.0 = Release|Any CPU
	EndGlobalSection
	GlobalSection(SolutionProperties) = preSolution
		HideSolutionNode = FALSE
	EndGlobalSection
	GlobalSection(ExtensibilityGlobals) = postSolution
		SolutionGuid = {E1CCF0F7-6792-4644-A4A8-AB9EDFC138BF}
	EndGlobalSection
EndGlobal
