
Microsoft Visual Studio Solution File, Format Version 12.00
# Visual Studio Version 17
VisualStudioVersion = 17.8.34330.188
MinimumVisualStudioVersion = 10.0.40219.1
Project("{FAE04EC0-301F-11D3-BF4B-00C04F79EFBC}") = "PrivateRegistryDemo", "PrivateRegistryDemo\PrivateRegistryDemo.csproj", "{6B935065-DE0F-4965-A1F6-9970C388412D}"
EndProject
Global
	GlobalSection(SolutionConfigurationPlatforms) = preSolution
		Debug|Any CPU = Debug|Any CPU
		Release|Any CPU = Release|Any CPU
	EndGlobalSection
	GlobalSection(ProjectConfigurationPlatforms) = postSolution
		{6B935065-DE0F-4965-A1F6-9970C388412D}.Debug|Any CPU.ActiveCfg = Debug|Any CPU
		{6B935065-DE0F-4965-A1F6-9970C388412D}.Debug|Any CPU.Build.0 = Debug|Any CPU
		{6B935065-DE0F-4965-A1F6-9970C388412D}.Release|Any CPU.ActiveCfg = Release|Any CPU
		{6B935065-DE0F-4965-A1F6-9970C388412D}.Release|Any CPU.Build.0 = Release|Any CPU
	EndGlobalSection
	GlobalSection(SolutionProperties) = preSolution
		HideSolutionNode = FALSE
	EndGlobalSection
	GlobalSection(ExtensibilityGlobals) = postSolution
		SolutionGuid = {4B9A504D-D773-4F1C-BF29-599BB45BB383}
	EndGlobalSection
EndGlobal
